// !$*UTF8*$!
{
	archiveVersion = 1;
	classes = {
	};
	objectVersion = 46;
	objects = {

/* Begin PBXBuildFile section */
		950F361D1E36AC1100AED312 /* AppDelegate.swift in Sources */ = {isa = PBXBuildFile; fileRef = 950F361C1E36AC1100AED312 /* AppDelegate.swift */; };
		950F361F1E36AC1100AED312 /* ViewController.swift in Sources */ = {isa = PBXBuildFile; fileRef = 950F361E1E36AC1100AED312 /* ViewController.swift */; };
		950F36221E36AC1100AED312 /* Main.storyboard in Resources */ = {isa = PBXBuildFile; fileRef = 950F36201E36AC1100AED312 /* Main.storyboard */; };
		950F36241E36AC1100AED312 /* Assets.xcassets in Resources */ = {isa = PBXBuildFile; fileRef = 950F36231E36AC1100AED312 /* Assets.xcassets */; };
		950F36271E36AC1100AED312 /* LaunchScreen.storyboard in Resources */ = {isa = PBXBuildFile; fileRef = 950F36251E36AC1100AED312 /* LaunchScreen.storyboard */; };
/* End PBXBuildFile section */

/* Begin PBXFileReference section */
		950F36191E36AC1100AED312 /* ReceiverApp.app */ = {isa = PBXFileReference; explicitFileType = wrapper.application; includeInIndex = 0; path = ReceiverApp.app; sourceTree = BUILT_PRODUCTS_DIR; };
		950F361C1E36AC1100AED312 /* AppDelegate.swift */ = {isa = PBXFileReference; lastKnownFileType = sourcecode.swift; path = AppDelegate.swift; sourceTree = "<group>"; };
		950F361E1E36AC1100AED312 /* ViewController.swift */ = {isa = PBXFileReference; lastKnownFileType = sourcecode.swift; path = ViewController.swift; sourceTree = "<group>"; };
		950F36211E36AC1100AED312 /* Base */ = {isa = PBXFileReference; lastKnownFileType = file.storyboard; name = Base; path = Base.lproj/Main.storyboard; sourceTree = "<group>"; };
		950F36231E36AC1100AED312 /* Assets.xcassets */ = {isa = PBXFileReference; lastKnownFileType = folder.assetcatalog; path = Assets.xcassets; sourceTree = "<group>"; };
		950F36261E36AC1100AED312 /* Base */ = {isa = PBXFileReference; lastKnownFileType = file.storyboard; name = Base; path = Base.lproj/LaunchScreen.storyboard; sourceTree = "<group>"; };
		950F36281E36AC1100AED312 /* Info.plist */ = {isa = PBXFileReference; lastKnownFileType = text.plist.xml; path = Info.plist; sourceTree = "<group>"; };
/* End PBXFileReference section */

/* Begin PBXFrameworksBuildPhase section */
		950F36161E36AC1100AED312 /* Frameworks */ = {
			isa = PBXFrameworksBuildPhase;
			buildActionMask = 2147483647;
			files = (
			);
			runOnlyForDeploymentPostprocessing = 0;
		};
/* End PBXFrameworksBuildPhase section */

/* Begin PBXGroup section */
		950F36101E36AC1100AED312 = {
			isa = PBXGroup;
			children = (
				950F361B1E36AC1100AED312 /* ReceiverApp */,
				950F361A1E36AC1100AED312 /* Products */,
			);
			sourceTree = "<group>";
		};
		950F361A1E36AC1100AED312 /* Products */ = {
			isa = PBXGroup;
			children = (
				950F36191E36AC1100AED312 /* ReceiverApp.app */,
			);
			name = Products;
			sourceTree = "<group>";
		};
		950F361B1E36AC1100AED312 /* ReceiverApp */ = {
			isa = PBXGroup;
			children = (
				950F361C1E36AC1100AED312 /* AppDelegate.swift */,
				950F361E1E36AC1100AED312 /* ViewController.swift */,
				950F36201E36AC1100AED312 /* Main.storyboard */,
				950F36231E36AC1100AED312 /* Assets.xcassets */,
				950F36251E36AC1100AED312 /* LaunchScreen.storyboard */,
				950F36281E36AC1100AED312 /* Info.plist */,
			);
			path = ReceiverApp;
			sourceTree = "<group>";
		};
/* End PBXGroup section */

/* Begin PBXNativeTarget section */
		950F36181E36AC1100AED312 /* ReceiverApp */ = {
			isa = PBXNativeTarget;
			buildConfigurationList = 950F362B1E36AC1100AED312 /* Build configuration list for PBXNativeTarget "ReceiverApp" */;
			buildPhases = (
				950F36151E36AC1100AED312 /* Sources */,
				950F36161E36AC1100AED312 /* Frameworks */,
				950F36171E36AC1100AED312 /* Resources */,
			);
			buildRules = (
			);
			dependencies = (
			);
			name = ReceiverApp;
			productName = ReceiverApp;
			productReference = 950F36191E36AC1100AED312 /* ReceiverApp.app */;
			productType = "com.apple.product-type.application";
		};
/* End PBXNativeTarget section */

/* Begin PBXProject section */
		950F36111E36AC1100AED312 /* Project object */ = {
			isa = PBXProject;
			attributes = {
				LastSwiftUpdateCheck = 0800;
				LastUpgradeCheck = 0800;
				ORGANIZATIONNAME = Ashwin;
				TargetAttributes = {
					950F36181E36AC1100AED312 = {
						CreatedOnToolsVersion = 8.0;
						ProvisioningStyle = Automatic;
					};
				};
			};
			buildConfigurationList = 950F36141E36AC1100AED312 /* Build configuration list for PBXProject "ReceiverApp" */;
			compatibilityVersion = "Xcode 3.2";
			developmentRegion = English;
			hasScannedForEncodings = 0;
			knownRegions = (
				en,
				Base,
			);
			mainGroup = 950F36101E36AC1100AED312;
			productRefGroup = 950F361A1E36AC1100AED312 /* Products */;
			projectDirPath = "";
			projectRoot = "";
			targets = (
				950F36181E36AC1100AED312 /* ReceiverApp */,
			);
		};
/* End PBXProject section */

/* Begin PBXResourcesBuildPhase section */
		950F36171E36AC1100AED312 /* Resources */ = {
			isa = PBXResourcesBuildPhase;
			buildActionMask = 2147483647;
			files = (
				950F36271E36AC1100AED312 /* LaunchScreen.storyboard in Resources */,
				950F36241E36AC1100AED312 /* Assets.xcassets in Resources */,
				950F36221E36AC1100AED312 /* Main.storyboard in Resources */,
			);
			runOnlyForDeploymentPostprocessing = 0;
		};
/* End PBXResourcesBuildPhase section */

/* Begin PBXSourcesBuildPhase section */
		950F36151E36AC1100AED312 /* Sources */ = {
			isa = PBXSourcesBuildPhase;
			buildActionMask = 2147483647;
			files = (
				950F361F1E36AC1100AED312 /* ViewController.swift in Sources */,
				950F361D1E36AC1100AED312 /* AppDelegate.swift in Sources */,
			);
			runOnlyForDeploymentPostprocessing = 0;
		};
/* End PBXSourcesBuildPhase section */

/* Begin PBXVariantGroup section */
		950F36201E36AC1100AED312 /* Main.storyboard */ = {
			isa = PBXVariantGroup;
			children = (
				950F36211E36AC1100AED312 /* Base */,
			);
			name = Main.storyboard;
			sourceTree = "<group>";
		};
		950F36251E36AC1100AED312 /* LaunchScreen.storyboard */ = {
			isa = PBXVariantGroup;
			children = (
				950F36261E36AC1100AED312 /* Base */,
			);
			name = LaunchScreen.storyboard;
			sourceTree = "<group>";
		};
/* End PBXVariantGroup section */

/* Begin XCBuildConfiguration section */
		950F36291E36AC1100AED312 /* Debug */ = {
			isa = XCBuildConfiguration;
			buildSettings = {
				ALWAYS_SEARCH_USER_PATHS = NO;
				CLANG_ANALYZER_NONNULL = YES;
				CLANG_CXX_LANGUAGE_STANDARD = "gnu++0x";
				CLANG_CXX_LIBRARY = "libc++";
				CLANG_ENABLE_MODULES = YES;
				CLANG_ENABLE_OBJC_ARC = YES;
				CLANG_WARN_BOOL_CONVERSION = YES;
				CLANG_WARN_CONSTANT_CONVERSION = YES;
				CLANG_WARN_DIRECT_OBJC_ISA_USAGE = YES_ERROR;
				CLANG_WARN_DOCUMENTATION_COMMENTS = YES;
				CLANG_WARN_EMPTY_BODY = YES;
				CLANG_WARN_ENUM_CONVERSION = YES;
				CLANG_WARN_INFINITE_RECURSION = YES;
				CLANG_WARN_INT_CONVERSION = YES;
				CLANG_WARN_OBJC_ROOT_CLASS = YES_ERROR;
				CLANG_WARN_SUSPICIOUS_MOVES = YES;
				CLANG_WARN_UNREACHABLE_CODE = YES;
				CLANG_WARN__DUPLICATE_METHOD_MATCH = YES;
				"CODE_SIGN_IDENTITY[sdk=iphoneos*]" = "iPhone Developer";
				COPY_PHASE_STRIP = NO;
				DEBUG_INFORMATION_FORMAT = dwarf;
				ENABLE_STRICT_OBJC_MSGSEND = YES;
				ENABLE_TESTABILITY = YES;
				GCC_C_LANGUAGE_STANDARD = gnu99;
				GCC_DYNAMIC_NO_PIC = NO;
				GCC_NO_COMMON_BLOCKS = YES;
				GCC_OPTIMIZATION_LEVEL = 0;
				GCC_PREPROCESSOR_DEFINITIONS = (
					"DEBUG=1",
					"$(inherited)",
				);
				GCC_WARN_64_TO_32_BIT_CONVERSION = YES;
				GCC_WARN_ABOUT_RETURN_TYPE = YES_ERROR;
				GCC_WARN_UNDECLARED_SELECTOR = YES;
				GCC_WARN_UNINITIALIZED_AUTOS = YES_AGGRESSIVE;
				GCC_WARN_UNUSED_FUNCTION = YES;
				GCC_WARN_UNUSED_VARIABLE = YES;
				IPHONEOS_DEPLOYMENT_TARGET = 10.0;
				MTL_ENABLE_DEBUG_INFO = YES;
				ONLY_ACTIVE_ARCH = YES;
				SDKROOT = iphoneos;
				SWIFT_ACTIVE_COMPILATION_CONDITIONS = DEBUG;
				SWIFT_OPTIMIZATION_LEVEL = "-Onone";
			};
			name = Debug;
		};
		950F362A1E36AC1100AED312 /* Release */ = {
			isa = XCBuildConfiguration;
			buildSettings = {
				ALWAYS_SEARCH_USER_PATHS = NO;
				CLANG_ANALYZER_NONNULL = YES;
				CLANG_CXX_LANGUAGE_STANDARD = "gnu++0x";
				CLANG_CXX_LIBRARY = "libc++";
				CLANG_ENABLE_MODULES = YES;
				CLANG_ENABLE_OBJC_ARC = YES;
				CLANG_WARN_BOOL_CONVERSION = YES;
				CLANG_WARN_CONSTANT_CONVERSION = YES;
				CLANG_WARN_DIRECT_OBJC_ISA_USAGE = YES_ERROR;
				CLANG_WARN_DOCUMENTATION_COMMENTS = YES;
				CLANG_WARN_EMPTY_BODY = YES;
				CLANG_WARN_ENUM_CONVERSION = YES;
				CLANG_WARN_INFINITE_RECURSION = YES;
				CLANG_WARN_INT_CONVERSION = YES;
				CLANG_WARN_OBJC_ROOT_CLASS = YES_ERROR;
				CLANG_WARN_SUSPICIOUS_MOVES = YES;
				CLANG_WARN_UNREACHABLE_CODE = YES;
				CLANG_WARN__DUPLICATE_METHOD_MATCH = YES;
				"CODE_SIGN_IDENTITY[sdk=iphoneos*]" = "iPhone Developer";
				COPY_PHASE_STRIP = NO;
				DEBUG_INFORMATION_FORMAT = "dwarf-with-dsym";
				ENABLE_NS_ASSERTIONS = NO;
				ENABLE_STRICT_OBJC_MSGSEND = YES;
				GCC_C_LANGUAGE_STANDARD = gnu99;
				GCC_NO_COMMON_BLOCKS = YES;
				GCC_WARN_64_TO_32_BIT_CONVERSION = YES;
				GCC_WARN_ABOUT_RETURN_TYPE = YES_ERROR;
				GCC_WARN_UNDECLARED_SELECTOR = YES;
				GCC_WARN_UNINITIALIZED_AUTOS = YES_AGGRESSIVE;
				GCC_WARN_UNUSED_FUNCTION = YES;
				GCC_WARN_UNUSED_VARIABLE = YES;
				IPHONEOS_DEPLOYMENT_TARGET = 10.0;
				MTL_ENABLE_DEBUG_INFO = NO;
				SDKROOT = iphoneos;
				SWIFT_OPTIMIZATION_LEVEL = "-Owholemodule";
				VALIDATE_PRODUCT = YES;
			};
			name = Release;
		};
		950F362C1E36AC1100AED312 /* Debug */ = {
			isa = XCBuildConfiguration;
			buildSettings = {
				ASSETCATALOG_COMPILER_APPICON_NAME = AppIcon;
				INFOPLIST_FILE = ReceiverApp/Info.plist;
				LD_RUNPATH_SEARCH_PATHS = "$(inherited) @executable_path/Frameworks";
				PRODUCT_BUNDLE_IDENTIFIER = arwin.ReceiverApp;
				PRODUCT_NAME = "$(TARGET_NAME)";
				SWIFT_VERSION = 3.0;
			};
			name = Debug;
		};
		950F362D1E36AC1100AED312 /* Release */ = {
			isa = XCBuildConfiguration;
			buildSettings = {
				ASSETCATALOG_COMPILER_APPICON_NAME = AppIcon;
				INFOPLIST_FILE = ReceiverApp/Info.plist;
				LD_RUNPATH_SEARCH_PATHS = "$(inherited) @executable_path/Frameworks";
				PRODUCT_BUNDLE_IDENTIFIER = arwin.ReceiverApp;
				PRODUCT_NAME = "$(TARGET_NAME)";
				SWIFT_VERSION = 3.0;
			};
			name = Release;
		};
/* End XCBuildConfiguration section */

/* Begin XCConfigurationList section */
		950F36141E36AC1100AED312 /* Build configuration list for PBXProject "ReceiverApp" */ = {
			isa = XCConfigurationList;
			buildConfigurations = (
				950F36291E36AC1100AED312 /* Debug */,
				950F362A1E36AC1100AED312 /* Release */,
			);
			defaultConfigurationIsVisible = 0;
			defaultConfigurationName = Release;
		};
		950F362B1E36AC1100AED312 /* Build configuration list for PBXNativeTarget "ReceiverApp" */ = {
			isa = XCConfigurationList;
			buildConfigurations = (
				950F362C1E36AC1100AED312 /* Debug */,
				950F362D1E36AC1100AED312 /* Release */,
			);
			defaultConfigurationIsVisible = 0;
		};
/* End XCConfigurationList section */
	};
	rootObject = 950F36111E36AC1100AED312 /* Project object */;
}
